# Resolved upstream pins — regenerated by scripts/sync-upstreams.sh

ui-ux-pro-max	https://github.com/nextlevelbuilder/ui-ux-pro-max-skill	v2.11.0	6142b073958df645d0fb27e682428e69599386dc
emil-design-eng	https://github.com/emilkowalski/skills	6bf24434f7730ad169077756cf9c7cd7bd675fc6	6bf24434f7730ad169077756cf9c7cd7bd675fc6
review-animations	https://github.com/emilkowalski/skills	6bf24434f7730ad169077756cf9c7cd7bd675fc6	6bf24434f7730ad169077756cf9c7cd7bd675fc6
impeccable	https://github.com/pbakaus/impeccable	skill-v3.9.1	44c27a72af98394c32691ba79358811bff86bde6
